
Microsoft Visual Studio Solution File, Format Version 12.00
Project("{2150E333-8FDC-42A3-9474-1A3956D46DE8}") = "ChatGpt.Domain", "ChatGpt.Domain", "{C9C9B674-EEA0-4E19-81A9-BD2EB365F3BC}"
EndProject
Project("{2150E333-8FDC-42A3-9474-1A3956D46DE8}") = "ChatGpt.Infrastructure", "ChatGpt.Infrastructure", "{C8CB118F-FD94-4998-B0EB-16D70381CC00}"
EndProject
Project("{2150E333-8FDC-42A3-9474-1A3956D46DE8}") = "ChatGpt.Application", "ChatGpt.Application", "{BCD60591-A8F0-4785-BFFB-E4A9FCC21190}"
EndProject
Project("{2150E333-8FDC-42A3-9474-1A3956D46DE8}") = "ChatGpt.TelegramBot", "ChatGpt.TelegramBot", "{932B984C-6FC5-4548-98F0-6EA6F87D535F}"
EndProject
Project("{FAE04EC0-301F-11D3-BF4B-00C04F79EFBC}") = "ChatGpt.Application", "ChatGpt.Application\ChatGpt.Application.csproj", "{818E3E4B-37F8-428B-8AC3-85A6C27C0933}"
EndProject
Project("{FAE04EC0-301F-11D3-BF4B-00C04F79EFBC}") = "ChatGpt.Domain", "ChatGpt.Domain\ChatGpt.Domain.csproj", "{AB8D56A4-C56A-4A3E-9601-A9A8EA0C9B0D}"
EndProject
Project("{FAE04EC0-301F-11D3-BF4B-00C04F79EFBC}") = "ChatGpt.Infrastructure", "ChatGpt.Infrastructure\ChatGpt.Infrastructure.csproj", "{AA387D7B-DF79-4594-899B-ADD8D484F97F}"
EndProject
Project("{FAE04EC0-301F-11D3-BF4B-00C04F79EFBC}") = "ChatGpt.TelegramBot", "ChatGpt.TelegramBot\ChatGpt.TelegramBot.csproj", "{11EE9F8B-6262-4217-B84B-D31FCB0A90B2}"
EndProject
Global
	GlobalSection(SolutionConfigurationPlatforms) = preSolution
		Debug|Any CPU = Debug|Any CPU
		Release|Any CPU = Release|Any CPU
	EndGlobalSection
	GlobalSection(ProjectConfigurationPlatforms) = postSolution
		{818E3E4B-37F8-428B-8AC3-85A6C27C0933}.Debug|Any CPU.ActiveCfg = Debug|Any CPU
		{818E3E4B-37F8-428B-8AC3-85A6C27C0933}.Debug|Any CPU.Build.0 = Debug|Any CPU
		{818E3E4B-37F8-428B-8AC3-85A6C27C0933}.Release|Any CPU.ActiveCfg = Release|Any CPU
		{818E3E4B-37F8-428B-8AC3-85A6C27C0933}.Release|Any CPU.Build.0 = Release|Any CPU
		{AB8D56A4-C56A-4A3E-9601-A9A8EA0C9B0D}.Debug|Any CPU.ActiveCfg = Debug|Any CPU
		{AB8D56A4-C56A-4A3E-9601-A9A8EA0C9B0D}.Debug|Any CPU.Build.0 = Debug|Any CPU
		{AB8D56A4-C56A-4A3E-9601-A9A8EA0C9B0D}.Release|Any CPU.ActiveCfg = Release|Any CPU
		{AB8D56A4-C56A-4A3E-9601-A9A8EA0C9B0D}.Release|Any CPU.Build.0 = Release|Any CPU
		{AA387D7B-DF79-4594-899B-ADD8D484F97F}.Debug|Any CPU.ActiveCfg = Debug|Any CPU
		{AA387D7B-DF79-4594-899B-ADD8D484F97F}.Debug|Any CPU.Build.0 = Debug|Any CPU
		{AA387D7B-DF79-4594-899B-ADD8D484F97F}.Release|Any CPU.ActiveCfg = Release|Any CPU
		{AA387D7B-DF79-4594-899B-ADD8D484F97F}.Release|Any CPU.Build.0 = Release|Any CPU
		{11EE9F8B-6262-4217-B84B-D31FCB0A90B2}.Debug|Any CPU.ActiveCfg = Debug|Any CPU
		{11EE9F8B-6262-4217-B84B-D31FCB0A90B2}.Debug|Any CPU.Build.0 = Debug|Any CPU
		{11EE9F8B-6262-4217-B84B-D31FCB0A90B2}.Release|Any CPU.ActiveCfg = Release|Any CPU
		{11EE9F8B-6262-4217-B84B-D31FCB0A90B2}.Release|Any CPU.Build.0 = Release|Any CPU
	EndGlobalSection
	GlobalSection(NestedProjects) = preSolution
		{818E3E4B-37F8-428B-8AC3-85A6C27C0933} = {BCD60591-A8F0-4785-BFFB-E4A9FCC21190}
		{AB8D56A4-C56A-4A3E-9601-A9A8EA0C9B0D} = {C9C9B674-EEA0-4E19-81A9-BD2EB365F3BC}
		{AA387D7B-DF79-4594-899B-ADD8D484F97F} = {C8CB118F-FD94-4998-B0EB-16D70381CC00}
		{11EE9F8B-6262-4217-B84B-D31FCB0A90B2} = {932B984C-6FC5-4548-98F0-6EA6F87D535F}
	EndGlobalSection
EndGlobal
